{
  "name": "vite-plugin-md-to-html",
  "version": "0.0.4",
  "lockfileVersion": 2,
  "requires": true,
  "packages": {
    "": {
      "version": "0.0.4",
      "license": "ISC",
      "dependencies": {
        "front-matter": "^4.0.2",
        "markdown-it": "^12.3.2",
        "markdown-it-highlightjs": "^3.6.0"
      },
      "devDependencies": {
        "dedent": "^0.7.0",
        "highlightjs-calvera-dark": "^0.0.1",
        "vite": "^2.8.4",
        "vitest": "^0.5.5"
      }
    },
    "node_modules/@types/chai": {
      "version": "4.3.0",
      "resolved": "https://registry.npmjs.org/@types/chai/-/chai-4.3.0.tgz",
      "integrity": "sha512-/ceqdqeRraGolFTcfoXNiqjyQhZzbINDngeoAq9GoHa8PPK1yNzTaxWjA6BFWp5Ua9JpXEMSS4s5i9tS0hOJtw==",
      "dev": true
    },
    "node_modules/@types/chai-subset": {
      "version": "1.3.3",
      "resolved": "https://registry.npmjs.org/@types/chai-subset/-/chai-subset-1.3.3.tgz",
      "integrity": "sha512-frBecisrNGz+F4T6bcc+NLeolfiojh5FxW2klu669+8BARtyQv2C/GkNW6FUodVe4BroGMP/wER/YDGc7rEllw==",
      "dev": true,
      "dependencies": {
        "@types/chai": "*"
      }
    },
    "node_modules/argparse": {
      "version": "2.0.1",
      "resolved": "https://registry.npmjs.org/argparse/-/argparse-2.0.1.tgz",
      "integrity": "sha512-8+9WqebbFzpX9OR+Wa6O29asIogeRMzcGtAINdpMHHyAg10f05aSFVBbcEqGf/PXw1EjAZ+q2/bEBg3DvurK3Q=="
    },
    "node_modules/assertion-error": {
      "version": "1.1.0",
      "resolved": "https://registry.npmjs.org/assertion-error/-/assertion-error-1.1.0.tgz",
      "integrity": "sha512-jgsaNduz+ndvGyFt3uSuWqvy4lCnIJiovtouQN5JZHOKCS2QuhEdbcQHFhVksz2N2U9hXJo8odG7ETyWlEeuDw==",
      "dev": true,
      "engines": {
        "node": "*"
      }
    },
    "node_modules/chai": {
      "version": "4.3.6",
      "resolved": "https://registry.npmjs.org/chai/-/chai-4.3.6.tgz",
      "integrity": "sha512-bbcp3YfHCUzMOvKqsztczerVgBKSsEijCySNlHHbX3VG1nskvqjz5Rfso1gGwD6w6oOV3eI60pKuMOV5MV7p3Q==",
      "dev": true,
      "dependencies": {
        "assertion-error": "^1.1.0",
        "check-error": "^1.0.2",
        "deep-eql": "^3.0.1",
        "get-func-name": "^2.0.0",
        "loupe": "^2.3.1",
        "pathval": "^1.1.1",
        "type-detect": "^4.0.5"
      },
      "engines": {
        "node": ">=4"
      }
    },
    "node_modules/check-error": {
      "version": "1.0.2",
      "resolved": "https://registry.npmjs.org/check-error/-/check-error-1.0.2.tgz",
      "integrity": "sha1-V00xLt2Iu13YkS6Sht1sCu1KrII=",
      "dev": true,
      "engines": {
        "node": "*"
      }
    },
    "node_modules/dedent": {
      "version": "0.7.0",
      "resolved": "https://registry.npmjs.org/dedent/-/dedent-0.7.0.tgz",
      "integrity": "sha1-JJXduvbrh0q7Dhvp3yLS5aVEMmw=",
      "dev": true
    },
    "node_modules/deep-eql": {
      "version": "3.0.1",
      "resolved": "https://registry.npmjs.org/deep-eql/-/deep-eql-3.0.1.tgz",
      "integrity": "sha512-+QeIQyN5ZuO+3Uk5DYh6/1eKO0m0YmJFGNmFHGACpf1ClL1nmlV/p4gNgbl2pJGxgXb4faqo6UE+M5ACEMyVcw==",
      "dev": true,
      "dependencies": {
        "type-detect": "^4.0.0"
      },
      "engines": {
        "node": ">=0.12"
      }
    },
    "node_modules/entities": {
      "version": "2.1.0",
      "resolved": "https://registry.npmjs.org/entities/-/entities-2.1.0.tgz",
      "integrity": "sha512-hCx1oky9PFrJ611mf0ifBLBRW8lUUVRlFolb5gWRfIELabBlbp9xZvrqZLZAs+NxFnbfQoeGd8wDkygjg7U85w==",
      "funding": {
        "url": "https://github.com/fb55/entities?sponsor=1"
      }
    },
    "node_modules/esbuild": {
      "version": "0.14.23",
      "resolved": "https://registry.npmjs.org/esbuild/-/esbuild-0.14.23.tgz",
      "integrity": "sha512-XjnIcZ9KB6lfonCa+jRguXyRYcldmkyZ99ieDksqW/C8bnyEX299yA4QH2XcgijCgaddEZePPTgvx/2imsq7Ig==",
      "dev": true,
      "hasInstallScript": true,
      "bin": {
        "esbuild": "bin/esbuild"
      },
      "engines": {
        "node": ">=12"
      },
      "optionalDependencies": {
        "esbuild-android-arm64": "0.14.23",
        "esbuild-darwin-64": "0.14.23",
        "esbuild-darwin-arm64": "0.14.23",
        "esbuild-freebsd-64": "0.14.23",
        "esbuild-freebsd-arm64": "0.14.23",
        "esbuild-linux-32": "0.14.23",
        "esbuild-linux-64": "0.14.23",
        "esbuild-linux-arm": "0.14.23",
        "esbuild-linux-arm64": "0.14.23",
        "esbuild-linux-mips64le": "0.14.23",
        "esbuild-linux-ppc64le": "0.14.23",
        "esbuild-linux-riscv64": "0.14.23",
        "esbuild-linux-s390x": "0.14.23",
        "esbuild-netbsd-64": "0.14.23",
        "esbuild-openbsd-64": "0.14.23",
        "esbuild-sunos-64": "0.14.23",
        "esbuild-windows-32": "0.14.23",
        "esbuild-windows-64": "0.14.23",
        "esbuild-windows-arm64": "0.14.23"
      }
    },
    "node_modules/esbuild-android-arm64": {
      "version": "0.14.23",
      "resolved": "https://registry.npmjs.org/esbuild-android-arm64/-/esbuild-android-arm64-0.14.23.tgz",
      "integrity": "sha512-k9sXem++mINrZty1v4FVt6nC5BQCFG4K2geCIUUqHNlTdFnuvcqsY7prcKZLFhqVC1rbcJAr9VSUGFL/vD4vsw==",
      "cpu": [
        "arm64"
      ],
      "dev": true,
      "optional": true,
      "os": [
        "android"
      ],
      "engines": {
        "node": ">=12"
      }
    },
    "node_modules/esbuild-darwin-64": {
      "version": "0.14.23",
      "resolved": "https://registry.npmjs.org/esbuild-darwin-64/-/esbuild-darwin-64-0.14.23.tgz",
      "integrity": "sha512-lB0XRbtOYYL1tLcYw8BoBaYsFYiR48RPrA0KfA/7RFTr4MV7Bwy/J4+7nLsVnv9FGuQummM3uJ93J3ptaTqFug==",
      "cpu": [
        "x64"
      ],
      "dev": true,
      "optional": true,
      "os": [
        "darwin"
      ],
      "engines": {
        "node": ">=12"
      }
    },
    "node_modules/esbuild-darwin-arm64": {
      "version": "0.14.23",
      "resolved": "https://registry.npmjs.org/esbuild-darwin-arm64/-/esbuild-darwin-arm64-0.14.23.tgz",
      "integrity": "sha512-yat73Z/uJ5tRcfRiI4CCTv0FSnwErm3BJQeZAh+1tIP0TUNh6o+mXg338Zl5EKChD+YGp6PN+Dbhs7qa34RxSw==",
      "cpu": [
        "arm64"
      ],
      "dev": true,
      "optional": true,
      "os": [
        "darwin"
      ],
      "engines": {
        "node": ">=12"
      }
    },
    "node_modules/esbuild-freebsd-64": {
      "version": "0.14.23",
      "resolved": "https://registry.npmjs.org/esbuild-freebsd-64/-/esbuild-freebsd-64-0.14.23.tgz",
      "integrity": "sha512-/1xiTjoLuQ+LlbfjJdKkX45qK/M7ARrbLmyf7x3JhyQGMjcxRYVR6Dw81uH3qlMHwT4cfLW4aEVBhP1aNV7VsA==",
      "cpu": [
        "x64"
      ],
      "dev": true,
      "optional": true,
      "os": [
        "freebsd"
      ],
      "engines": {
        "node": ">=12"
      }
    },
    "node_modules/esbuild-freebsd-arm64": {
      "version": "0.14.23",
      "resolved": "https://registry.npmjs.org/esbuild-freebsd-arm64/-/esbuild-freebsd-arm64-0.14.23.tgz",
      "integrity": "sha512-uyPqBU/Zcp6yEAZS4LKj5jEE0q2s4HmlMBIPzbW6cTunZ8cyvjG6YWpIZXb1KK3KTJDe62ltCrk3VzmWHp+iLg==",
      "cpu": [
        "arm64"
      ],
      "dev": true,
      "optional": true,
      "os": [
        "freebsd"
      ],
      "engines": {
        "node": ">=12"
      }
    },
    "node_modules/esbuild-linux-32": {
      "version": "0.14.23",
      "resolved": "https://registry.npmjs.org/esbuild-linux-32/-/esbuild-linux-32-0.14.23.tgz",
      "integrity": "sha512-37R/WMkQyUfNhbH7aJrr1uCjDVdnPeTHGeDhZPUNhfoHV0lQuZNCKuNnDvlH/u/nwIYZNdVvz1Igv5rY/zfrzQ==",
      "cpu": [
        "ia32"
      ],
      "dev": true,
      "optional": true,
      "os": [
        "linux"
      ],
      "engines": {
        "node": ">=12"
      }
    },
    "node_modules/esbuild-linux-64": {
      "version": "0.14.23",
      "resolved": "https://registry.npmjs.org/esbuild-linux-64/-/esbuild-linux-64-0.14.23.tgz",
      "integrity": "sha512-H0gztDP60qqr8zoFhAO64waoN5yBXkmYCElFklpd6LPoobtNGNnDe99xOQm28+fuD75YJ7GKHzp/MLCLhw2+vQ==",
      "cpu": [
        "x64"
      ],
      "dev": true,
      "optional": true,
      "os": [
        "linux"
      ],
      "engines": {
        "node": ">=12"
      }
    },
    "node_modules/esbuild-linux-arm": {
      "version": "0.14.23",
      "resolved": "https://registry.npmjs.org/esbuild-linux-arm/-/esbuild-linux-arm-0.14.23.tgz",
      "integrity": "sha512-x64CEUxi8+EzOAIpCUeuni0bZfzPw/65r8tC5cy5zOq9dY7ysOi5EVQHnzaxS+1NmV+/RVRpmrzGw1QgY2Xpmw==",
      "cpu": [
        "arm"
      ],
      "dev": true,
      "optional": true,
      "os": [
        "linux"
      ],
      "engines": {
        "node": ">=12"
      }
    },
    "node_modules/esbuild-linux-arm64": {
      "version": "0.14.23",
      "resolved": "https://registry.npmjs.org/esbuild-linux-arm64/-/esbuild-linux-arm64-0.14.23.tgz",
      "integrity": "sha512-c4MLOIByNHR55n3KoYf9hYDfBRghMjOiHLaoYLhkQkIabb452RWi+HsNgB41sUpSlOAqfpqKPFNg7VrxL3UX9g==",
      "cpu": [
        "arm64"
      ],
      "dev": true,
      "optional": true,
      "os": [
        "linux"
      ],
      "engines": {
        "node": ">=12"
      }
    },
    "node_modules/esbuild-linux-mips64le": {
      "version": "0.14.23",
      "resolved": "https://registry.npmjs.org/esbuild-linux-mips64le/-/esbuild-linux-mips64le-0.14.23.tgz",
      "integrity": "sha512-kHKyKRIAedYhKug2EJpyJxOUj3VYuamOVA1pY7EimoFPzaF3NeY7e4cFBAISC/Av0/tiV0xlFCt9q0HJ68IBIw==",
      "cpu": [
        "mips64el"
      ],
      "dev": true,
      "optional": true,
      "os": [
        "linux"
      ],
      "engines": {
        "node": ">=12"
      }
    },
    "node_modules/esbuild-linux-ppc64le": {
      "version": "0.14.23",
      "resolved": "https://registry.npmjs.org/esbuild-linux-ppc64le/-/esbuild-linux-ppc64le-0.14.23.tgz",
      "integrity": "sha512-7ilAiJEPuJJnJp/LiDO0oJm5ygbBPzhchJJh9HsHZzeqO+3PUzItXi+8PuicY08r0AaaOe25LA7sGJ0MzbfBag==",
      "cpu": [
        "ppc64"
      ],
      "dev": true,
      "optional": true,
      "os": [
        "linux"
      ],
      "engines": {
        "node": ">=12"
      }
    },
    "node_modules/esbuild-linux-riscv64": {
      "version": "0.14.23",
      "resolved": "https://registry.npmjs.org/esbuild-linux-riscv64/-/esbuild-linux-riscv64-0.14.23.tgz",
      "integrity": "sha512-fbL3ggK2wY0D8I5raPIMPhpCvODFE+Bhb5QGtNP3r5aUsRR6TQV+ZBXIaw84iyvKC8vlXiA4fWLGhghAd/h/Zg==",
      "cpu": [
        "riscv64"
      ],
      "dev": true,
      "optional": true,
      "os": [
        "linux"
      ],
      "engines": {
        "node": ">=12"
      }
    },
    "node_modules/esbuild-linux-s390x": {
      "version": "0.14.23",
      "resolved": "https://registry.npmjs.org/esbuild-linux-s390x/-/esbuild-linux-s390x-0.14.23.tgz",
      "integrity": "sha512-GHMDCyfy7+FaNSO8RJ8KCFsnax8fLUsOrj9q5Gi2JmZMY0Zhp75keb5abTFCq2/Oy6KVcT0Dcbyo/bFb4rIFJA==",
      "cpu": [
        "s390x"
      ],
      "dev": true,
      "optional": true,
      "os": [
        "linux"
      ],
      "engines": {
        "node": ">=12"
      }
    },
    "node_modules/esbuild-netbsd-64": {
      "version": "0.14.23",
      "resolved": "https://registry.npmjs.org/esbuild-netbsd-64/-/esbuild-netbsd-64-0.14.23.tgz",
      "integrity": "sha512-ovk2EX+3rrO1M2lowJfgMb/JPN1VwVYrx0QPUyudxkxLYrWeBxDKQvc6ffO+kB4QlDyTfdtAURrVzu3JeNdA2g==",
      "cpu": [
        "x64"
      ],
      "dev": true,
      "optional": true,
      "os": [
        "netbsd"
      ],
      "engines": {
        "node": ">=12"
      }
    },
    "node_modules/esbuild-openbsd-64": {
      "version": "0.14.23",
      "resolved": "https://registry.npmjs.org/esbuild-openbsd-64/-/esbuild-openbsd-64-0.14.23.tgz",
      "integrity": "sha512-uYYNqbVR+i7k8ojP/oIROAHO9lATLN7H2QeXKt2H310Fc8FJj4y3Wce6hx0VgnJ4k1JDrgbbiXM8rbEgQyg8KA==",
      "cpu": [
        "x64"
      ],
      "dev": true,
      "optional": true,
      "os": [
        "openbsd"
      ],
      "engines": {
        "node": ">=12"
      }
    },
    "node_modules/esbuild-sunos-64": {
      "version": "0.14.23",
      "resolved": "https://registry.npmjs.org/esbuild-sunos-64/-/esbuild-sunos-64-0.14.23.tgz",
      "integrity": "sha512-hAzeBeET0+SbScknPzS2LBY6FVDpgE+CsHSpe6CEoR51PApdn2IB0SyJX7vGelXzlyrnorM4CAsRyb9Qev4h9g==",
      "cpu": [
        "x64"
      ],
      "dev": true,
      "optional": true,
      "os": [
        "sunos"
      ],
      "engines": {
        "node": ">=12"
      }
    },
    "node_modules/esbuild-windows-32": {
      "version": "0.14.23",
      "resolved": "https://registry.npmjs.org/esbuild-windows-32/-/esbuild-windows-32-0.14.23.tgz",
      "integrity": "sha512-Kttmi3JnohdaREbk6o9e25kieJR379TsEWF0l39PQVHXq3FR6sFKtVPgY8wk055o6IB+rllrzLnbqOw/UV60EA==",
      "cpu": [
        "ia32"
      ],
      "dev": true,
      "optional": true,
      "os": [
        "win32"
      ],
      "engines": {
        "node": ">=12"
      }
    },
    "node_modules/esbuild-windows-64": {
      "version": "0.14.23",
      "resolved": "https://registry.npmjs.org/esbuild-windows-64/-/esbuild-windows-64-0.14.23.tgz",
      "integrity": "sha512-JtIT0t8ymkpl6YlmOl6zoSWL5cnCgyLaBdf/SiU/Eg3C13r0NbHZWNT/RDEMKK91Y6t79kTs3vyRcNZbfu5a8g==",
      "cpu": [
        "x64"
      ],
      "dev": true,
      "optional": true,
      "os": [
        "win32"
      ],
      "engines": {
        "node": ">=12"
      }
    },
    "node_modules/esbuild-windows-arm64": {
      "version": "0.14.23",
      "resolved": "https://registry.npmjs.org/esbuild-windows-arm64/-/esbuild-windows-arm64-0.14.23.tgz",
      "integrity": "sha512-cTFaQqT2+ik9e4hePvYtRZQ3pqOvKDVNarzql0VFIzhc0tru/ZgdLoXd6epLiKT+SzoSce6V9YJ+nn6RCn6SHw==",
      "cpu": [
        "arm64"
      ],
      "dev": true,
      "optional": true,
      "os": [
        "win32"
      ],
      "engines": {
        "node": ">=12"
      }
    },
    "node_modules/esprima": {
      "version": "4.0.1",
      "resolved": "https://registry.npmjs.org/esprima/-/esprima-4.0.1.tgz",
      "integrity": "sha512-eGuFFw7Upda+g4p+QHvnW0RyTX/SVeJBDM/gCtMARO0cLuT2HcEKnTPvhjV6aGeqrCB/sbNop0Kszm0jsaWU4A==",
      "bin": {
        "esparse": "bin/esparse.js",
        "esvalidate": "bin/esvalidate.js"
      },
      "engines": {
        "node": ">=4"
      }
    },
    "node_modules/front-matter": {
      "version": "4.0.2",
      "resolved": "https://registry.npmjs.org/front-matter/-/front-matter-4.0.2.tgz",
      "integrity": "sha512-I8ZuJ/qG92NWX8i5x1Y8qyj3vizhXS31OxjKDu3LKP+7/qBgfIKValiZIEwoVoJKUHlhWtYrktkxV1XsX+pPlg==",
      "dependencies": {
        "js-yaml": "^3.13.1"
      }
    },
    "node_modules/fsevents": {
      "version": "2.3.2",
      "resolved": "https://registry.npmjs.org/fsevents/-/fsevents-2.3.2.tgz",
      "integrity": "sha512-xiqMQR4xAeHTuB9uWm+fFRcIOgKBMiOBP+eXiyT7jsgVCq1bkVygt00oASowB7EdtpOHaaPgKt812P9ab+DDKA==",
      "dev": true,
      "hasInstallScript": true,
      "optional": true,
      "os": [
        "darwin"
      ],
      "engines": {
        "node": "^8.16.0 || ^10.6.0 || >=11.0.0"
      }
    },
    "node_modules/function-bind": {
      "version": "1.1.1",
      "resolved": "https://registry.npmjs.org/function-bind/-/function-bind-1.1.1.tgz",
      "integrity": "sha512-yIovAzMX49sF8Yl58fSCWJ5svSLuaibPxXQJFLmBObTuCr0Mf1KiPopGM9NiFjiYBCbfaa2Fh6breQ6ANVTI0A==",
      "dev": true
    },
    "node_modules/get-func-name": {
      "version": "2.0.0",
      "resolved": "https://registry.npmjs.org/get-func-name/-/get-func-name-2.0.0.tgz",
      "integrity": "sha1-6td0q+5y4gQJQzoGY2YCPdaIekE=",
      "dev": true,
      "engines": {
        "node": "*"
      }
    },
    "node_modules/has": {
      "version": "1.0.3",
      "resolved": "https://registry.npmjs.org/has/-/has-1.0.3.tgz",
      "integrity": "sha512-f2dvO0VU6Oej7RkWJGrehjbzMAjFp5/VKPp5tTpWIV4JHHZK1/BxbFRtf/siA2SWTe09caDmVtYYzWEIbBS4zw==",
      "dev": true,
      "dependencies": {
        "function-bind": "^1.1.1"
      },
      "engines": {
        "node": ">= 0.4.0"
      }
    },
    "node_modules/highlight.js": {
      "version": "11.4.0",
      "resolved": "https://registry.npmjs.org/highlight.js/-/highlight.js-11.4.0.tgz",
      "integrity": "sha512-nawlpCBCSASs7EdvZOYOYVkJpGmAOKMYZgZtUqSRqodZE0GRVcFKwo1RcpeOemqh9hyttTdd5wDBwHkuSyUfnA==",
      "engines": {
        "node": ">=12.0.0"
      }
    },
    "node_modules/highlightjs-calvera-dark": {
      "version": "0.0.1",
      "resolved": "https://registry.npmjs.org/highlightjs-calvera-dark/-/highlightjs-calvera-dark-0.0.1.tgz",
      "integrity": "sha512-f809pdxyFKnuXAp7FkZ3eNutvzAVxVLs4MH+w+raXKdJEA7nJ2Umg9kvOvnLU+X/UA3DK/aGm15I6nbPXib9VQ==",
      "dev": true
    },
    "node_modules/is-core-module": {
      "version": "2.8.1",
      "resolved": "https://registry.npmjs.org/is-core-module/-/is-core-module-2.8.1.tgz",
      "integrity": "sha512-SdNCUs284hr40hFTFP6l0IfZ/RSrMXF3qgoRHd3/79unUTvrFO/JoXwkGm+5J/Oe3E/b5GsnG330uUNgRpu1PA==",
      "dev": true,
      "dependencies": {
        "has": "^1.0.3"
      },
      "funding": {
        "url": "https://github.com/sponsors/ljharb"
      }
    },
    "node_modules/js-yaml": {
      "version": "3.14.1",
      "resolved": "https://registry.npmjs.org/js-yaml/-/js-yaml-3.14.1.tgz",
      "integrity": "sha512-okMH7OXXJ7YrN9Ok3/SXrnu4iX9yOk+25nqX4imS2npuvTYDmo/QEZoqwZkYaIDk3jVvBOTOIEgEhaLOynBS9g==",
      "dependencies": {
        "argparse": "^1.0.7",
        "esprima": "^4.0.0"
      },
      "bin": {
        "js-yaml": "bin/js-yaml.js"
      }
    },
    "node_modules/js-yaml/node_modules/argparse": {
      "version": "1.0.10",
      "resolved": "https://registry.npmjs.org/argparse/-/argparse-1.0.10.tgz",
      "integrity": "sha512-o5Roy6tNG4SL/FOkCAN6RzjiakZS25RLYFrcMttJqbdd8BWrnA+fGz57iN5Pb06pvBGvl5gQ0B48dJlslXvoTg==",
      "dependencies": {
        "sprintf-js": "~1.0.2"
      }
    },
    "node_modules/linkify-it": {
      "version": "3.0.3",
      "resolved": "https://registry.npmjs.org/linkify-it/-/linkify-it-3.0.3.tgz",
      "integrity": "sha512-ynTsyrFSdE5oZ/O9GEf00kPngmOfVwazR5GKDq6EYfhlpFug3J2zybX56a2PRRpc9P+FuSoGNAwjlbDs9jJBPQ==",
      "dependencies": {
        "uc.micro": "^1.0.1"
      }
    },
    "node_modules/local-pkg": {
      "version": "0.4.1",
      "resolved": "https://registry.npmjs.org/local-pkg/-/local-pkg-0.4.1.tgz",
      "integrity": "sha512-lL87ytIGP2FU5PWwNDo0w3WhIo2gopIAxPg9RxDYF7m4rr5ahuZxP22xnJHIvaLTe4Z9P6uKKY2UHiwyB4pcrw==",
      "dev": true,
      "engines": {
        "node": ">=14"
      },
      "funding": {
        "url": "https://github.com/sponsors/antfu"
      }
    },
    "node_modules/lodash.flow": {
      "version": "3.5.0",
      "resolved": "https://registry.npmjs.org/lodash.flow/-/lodash.flow-3.5.0.tgz",
      "integrity": "sha1-h79AKSuM+D5OjOGjrkIJ4gBxZ1o="
    },
    "node_modules/loupe": {
      "version": "2.3.4",
      "resolved": "https://registry.npmjs.org/loupe/-/loupe-2.3.4.tgz",
      "integrity": "sha512-OvKfgCC2Ndby6aSTREl5aCCPTNIzlDfQZvZxNUrBrihDhL3xcrYegTblhmEiCrg2kKQz4XsFIaemE5BF4ybSaQ==",
      "dev": true,
      "dependencies": {
        "get-func-name": "^2.0.0"
      }
    },
    "node_modules/markdown-it": {
      "version": "12.3.2",
      "resolved": "https://registry.npmjs.org/markdown-it/-/markdown-it-12.3.2.tgz",
      "integrity": "sha512-TchMembfxfNVpHkbtriWltGWc+m3xszaRD0CZup7GFFhzIgQqxIfn3eGj1yZpfuflzPvfkt611B2Q/Bsk1YnGg==",
      "dependencies": {
        "argparse": "^2.0.1",
        "entities": "~2.1.0",
        "linkify-it": "^3.0.1",
        "mdurl": "^1.0.1",
        "uc.micro": "^1.0.5"
      },
      "bin": {
        "markdown-it": "bin/markdown-it.js"
      }
    },
    "node_modules/markdown-it-highlightjs": {
      "version": "3.6.0",
      "resolved": "https://registry.npmjs.org/markdown-it-highlightjs/-/markdown-it-highlightjs-3.6.0.tgz",
      "integrity": "sha512-ex+Lq3cVkprh0GpGwFyc53A/rqY6GGzopPCG1xMsf8Ya3XtGC8Uw9tChN1rWbpyDae7tBBhVHVcMM29h4Btamw==",
      "dependencies": {
        "highlight.js": "^11.3.1",
        "lodash.flow": "^3.5.0"
      }
    },
    "node_modules/mdurl": {
      "version": "1.0.1",
      "resolved": "https://registry.npmjs.org/mdurl/-/mdurl-1.0.1.tgz",
      "integrity": "sha1-/oWy7HWlkDfyrf7BAP1sYBdhFS4="
    },
    "node_modules/nanoid": {
      "version": "3.3.1",
      "resolved": "https://registry.npmjs.org/nanoid/-/nanoid-3.3.1.tgz",
      "integrity": "sha512-n6Vs/3KGyxPQd6uO0eH4Bv0ojGSUvuLlIHtC3Y0kEO23YRge8H9x1GCzLn28YX0H66pMkxuaeESFq4tKISKwdw==",
      "dev": true,
      "bin": {
        "nanoid": "bin/nanoid.cjs"
      },
      "engines": {
        "node": "^10 || ^12 || ^13.7 || ^14 || >=15.0.1"
      }
    },
    "node_modules/path-parse": {
      "version": "1.0.7",
      "resolved": "https://registry.npmjs.org/path-parse/-/path-parse-1.0.7.tgz",
      "integrity": "sha512-LDJzPVEEEPR+y48z93A0Ed0yXb8pAByGWo/k5YYdYgpY2/2EsOsksJrq7lOHxryrVOn1ejG6oAp8ahvOIQD8sw==",
      "dev": true
    },
    "node_modules/pathval": {
      "version": "1.1.1",
      "resolved": "https://registry.npmjs.org/pathval/-/pathval-1.1.1.tgz",
      "integrity": "sha512-Dp6zGqpTdETdR63lehJYPeIOqpiNBNtc7BpWSLrOje7UaIsE5aY92r/AunQA7rsXvet3lrJ3JnZX29UPTKXyKQ==",
      "dev": true,
      "engines": {
        "node": "*"
      }
    },
    "node_modules/picocolors": {
      "version": "1.0.0",
      "resolved": "https://registry.npmjs.org/picocolors/-/picocolors-1.0.0.tgz",
      "integrity": "sha512-1fygroTLlHu66zi26VoTDv8yRgm0Fccecssto+MhsZ0D/DGW2sm8E8AjW7NU5VVTRt5GxbeZ5qBuJr+HyLYkjQ==",
      "dev": true
    },
    "node_modules/postcss": {
      "version": "8.4.7",
      "resolved": "https://registry.npmjs.org/postcss/-/postcss-8.4.7.tgz",
      "integrity": "sha512-L9Ye3r6hkkCeOETQX6iOaWZgjp3LL6Lpqm6EtgbKrgqGGteRMNb9vzBfRL96YOSu8o7x3MfIH9Mo5cPJFGrW6A==",
      "dev": true,
      "dependencies": {
        "nanoid": "^3.3.1",
        "picocolors": "^1.0.0",
        "source-map-js": "^1.0.2"
      },
      "engines": {
        "node": "^10 || ^12 || >=14"
      },
      "funding": {
        "type": "opencollective",
        "url": "https://opencollective.com/postcss/"
      }
    },
    "node_modules/resolve": {
      "version": "1.22.0",
      "resolved": "https://registry.npmjs.org/resolve/-/resolve-1.22.0.tgz",
      "integrity": "sha512-Hhtrw0nLeSrFQ7phPp4OOcVjLPIeMnRlr5mcnVuMe7M/7eBn98A3hmFRLoFo3DLZkivSYwhRUJTyPyWAk56WLw==",
      "dev": true,
      "dependencies": {
        "is-core-module": "^2.8.1",
        "path-parse": "^1.0.7",
        "supports-preserve-symlinks-flag": "^1.0.0"
      },
      "bin": {
        "resolve": "bin/resolve"
      },
      "funding": {
        "url": "https://github.com/sponsors/ljharb"
      }
    },
    "node_modules/rollup": {
      "version": "2.68.0",
      "resolved": "https://registry.npmjs.org/rollup/-/rollup-2.68.0.tgz",
      "integrity": "sha512-XrMKOYK7oQcTio4wyTz466mucnd8LzkiZLozZ4Rz0zQD+HeX4nUK4B8GrTX/2EvN2/vBF/i2WnaXboPxo0JylA==",
      "dev": true,
      "bin": {
        "rollup": "dist/bin/rollup"
      },
      "engines": {
        "node": ">=10.0.0"
      },
      "optionalDependencies": {
        "fsevents": "~2.3.2"
      }
    },
    "node_modules/source-map-js": {
      "version": "1.0.2",
      "resolved": "https://registry.npmjs.org/source-map-js/-/source-map-js-1.0.2.tgz",
      "integrity": "sha512-R0XvVJ9WusLiqTCEiGCmICCMplcCkIwwR11mOSD9CR5u+IXYdiseeEuXCVAjS54zqwkLcPNnmU4OeJ6tUrWhDw==",
      "dev": true,
      "engines": {
        "node": ">=0.10.0"
      }
    },
    "node_modules/sprintf-js": {
      "version": "1.0.3",
      "resolved": "https://registry.npmjs.org/sprintf-js/-/sprintf-js-1.0.3.tgz",
      "integrity": "sha1-BOaSb2YolTVPPdAVIDYzuFcpfiw="
    },
    "node_modules/supports-preserve-symlinks-flag": {
      "version": "1.0.0",
      "resolved": "https://registry.npmjs.org/supports-preserve-symlinks-flag/-/supports-preserve-symlinks-flag-1.0.0.tgz",
      "integrity": "sha512-ot0WnXS9fgdkgIcePe6RHNk1WA8+muPa6cSjeR3V8K27q9BB1rTE3R1p7Hv0z1ZyAc8s6Vvv8DIyWf681MAt0w==",
      "dev": true,
      "engines": {
        "node": ">= 0.4"
      },
      "funding": {
        "url": "https://github.com/sponsors/ljharb"
      }
    },
    "node_modules/tinypool": {
      "version": "0.1.2",
      "resolved": "https://registry.npmjs.org/tinypool/-/tinypool-0.1.2.tgz",
      "integrity": "sha512-fvtYGXoui2RpeMILfkvGIgOVkzJEGediv8UJt7TxdAOY8pnvUkFg/fkvqTfXG9Acc9S17Cnn1S4osDc2164guA==",
      "dev": true,
      "engines": {
        "node": ">=14.0.0"
      }
    },
    "node_modules/tinyspy": {
      "version": "0.3.0",
      "resolved": "https://registry.npmjs.org/tinyspy/-/tinyspy-0.3.0.tgz",
      "integrity": "sha512-c5uFHqtUp74R2DJE3/Efg0mH5xicmgziaQXMm/LvuuZn3RdpADH32aEGDRyCzObXT1DNfwDMqRQ/Drh1MlO12g==",
      "dev": true,
      "engines": {
        "node": ">=14.0.0"
      }
    },
    "node_modules/type-detect": {
      "version": "4.0.8",
      "resolved": "https://registry.npmjs.org/type-detect/-/type-detect-4.0.8.tgz",
      "integrity": "sha512-0fr/mIH1dlO+x7TlcMy+bIDqKPsw/70tVyeHW787goQjhmqaZe10uwLujubK9q9Lg6Fiho1KUKDYz0Z7k7g5/g==",
      "dev": true,
      "engines": {
        "node": ">=4"
      }
    },
    "node_modules/uc.micro": {
      "version": "1.0.6",
      "resolved": "https://registry.npmjs.org/uc.micro/-/uc.micro-1.0.6.tgz",
      "integrity": "sha512-8Y75pvTYkLJW2hWQHXxoqRgV7qb9B+9vFEtidML+7koHUFapnVJAZ6cKs+Qjz5Aw3aZWHMC6u0wJE3At+nSGwA=="
    },
    "node_modules/vite": {
      "version": "2.8.4",
      "resolved": "https://registry.npmjs.org/vite/-/vite-2.8.4.tgz",
      "integrity": "sha512-GwtOkkaT2LDI82uWZKcrpRQxP5tymLnC7hVHHqNkhFNknYr0hJUlDLfhVRgngJvAy3RwypkDCWtTKn1BjO96Dw==",
      "dev": true,
      "dependencies": {
        "esbuild": "^0.14.14",
        "postcss": "^8.4.6",
        "resolve": "^1.22.0",
        "rollup": "^2.59.0"
      },
      "bin": {
        "vite": "bin/vite.js"
      },
      "engines": {
        "node": ">=12.2.0"
      },
      "optionalDependencies": {
        "fsevents": "~2.3.2"
      },
      "peerDependencies": {
        "less": "*",
        "sass": "*",
        "stylus": "*"
      },
      "peerDependenciesMeta": {
        "less": {
          "optional": true
        },
        "sass": {
          "optional": true
        },
        "stylus": {
          "optional": true
        }
      }
    },
    "node_modules/vitest": {
      "version": "0.5.5",
      "resolved": "https://registry.npmjs.org/vitest/-/vitest-0.5.5.tgz",
      "integrity": "sha512-oBKIXpFOGN7jDdK0MO4uWcB+UOPRyEJveB8XDx74XsFNbjGF7vHmHqwAomNE8MGtDW8hBKvSSbr58hibFiQc5Q==",
      "dev": true,
      "dependencies": {
        "@types/chai": "^4.3.0",
        "@types/chai-subset": "^1.3.3",
        "chai": "^4.3.6",
        "local-pkg": "^0.4.1",
        "tinypool": "^0.1.2",
        "tinyspy": "^0.3.0",
        "vite": "^2.7.10"
      },
      "bin": {
        "vitest": "vitest.mjs"
      },
      "engines": {
        "node": ">=14.14.0"
      },
      "funding": {
        "url": "https://github.com/sponsors/antfu"
      },
      "peerDependencies": {
        "@vitest/ui": "*",
        "c8": "*",
        "happy-dom": "*",
        "jsdom": "*"
      },
      "peerDependenciesMeta": {
        "@vitest/ui": {
          "optional": true
        },
        "c8": {
          "optional": true
        },
        "happy-dom": {
          "optional": true
        },
        "jsdom": {
          "optional": true
        }
      }
    }
  },
  "dependencies": {
    "@types/chai": {
      "version": "4.3.0",
      "resolved": "https://registry.npmjs.org/@types/chai/-/chai-4.3.0.tgz",
      "integrity": "sha512-/ceqdqeRraGolFTcfoXNiqjyQhZzbINDngeoAq9GoHa8PPK1yNzTaxWjA6BFWp5Ua9JpXEMSS4s5i9tS0hOJtw==",
      "dev": true
    },
    "@types/chai-subset": {
      "version": "1.3.3",
      "resolved": "https://registry.npmjs.org/@types/chai-subset/-/chai-subset-1.3.3.tgz",
      "integrity": "sha512-frBecisrNGz+F4T6bcc+NLeolfiojh5FxW2klu669+8BARtyQv2C/GkNW6FUodVe4BroGMP/wER/YDGc7rEllw==",
      "dev": true,
      "requires": {
        "@types/chai": "*"
      }
    },
    "argparse": {
      "version": "2.0.1",
      "resolved": "https://registry.npmjs.org/argparse/-/argparse-2.0.1.tgz",
      "integrity": "sha512-8+9WqebbFzpX9OR+Wa6O29asIogeRMzcGtAINdpMHHyAg10f05aSFVBbcEqGf/PXw1EjAZ+q2/bEBg3DvurK3Q=="
    },
    "assertion-error": {
      "version": "1.1.0",
      "resolved": "https://registry.npmjs.org/assertion-error/-/assertion-error-1.1.0.tgz",
      "integrity": "sha512-jgsaNduz+ndvGyFt3uSuWqvy4lCnIJiovtouQN5JZHOKCS2QuhEdbcQHFhVksz2N2U9hXJo8odG7ETyWlEeuDw==",
      "dev": true
    },
    "chai": {
      "version": "4.3.6",
      "resolved": "https://registry.npmjs.org/chai/-/chai-4.3.6.tgz",
      "integrity": "sha512-bbcp3YfHCUzMOvKqsztczerVgBKSsEijCySNlHHbX3VG1nskvqjz5Rfso1gGwD6w6oOV3eI60pKuMOV5MV7p3Q==",
      "dev": true,
      "requires": {
        "assertion-error": "^1.1.0",
        "check-error": "^1.0.2",
        "deep-eql": "^3.0.1",
        "get-func-name": "^2.0.0",
        "loupe": "^2.3.1",
        "pathval": "^1.1.1",
        "type-detect": "^4.0.5"
      }
    },
    "check-error": {
      "version": "1.0.2",
      "resolved": "https://registry.npmjs.org/check-error/-/check-error-1.0.2.tgz",
      "integrity": "sha1-V00xLt2Iu13YkS6Sht1sCu1KrII=",
      "dev": true
    },
    "dedent": {
      "version": "0.7.0",
      "resolved": "https://registry.npmjs.org/dedent/-/dedent-0.7.0.tgz",
      "integrity": "sha1-JJXduvbrh0q7Dhvp3yLS5aVEMmw=",
      "dev": true
    },
    "deep-eql": {
      "version": "3.0.1",
      "resolved": "https://registry.npmjs.org/deep-eql/-/deep-eql-3.0.1.tgz",
      "integrity": "sha512-+QeIQyN5ZuO+3Uk5DYh6/1eKO0m0YmJFGNmFHGACpf1ClL1nmlV/p4gNgbl2pJGxgXb4faqo6UE+M5ACEMyVcw==",
      "dev": true,
      "requires": {
        "type-detect": "^4.0.0"
      }
    },
    "entities": {
      "version": "2.1.0",
      "resolved": "https://registry.npmjs.org/entities/-/entities-2.1.0.tgz",
      "integrity": "sha512-hCx1oky9PFrJ611mf0ifBLBRW8lUUVRlFolb5gWRfIELabBlbp9xZvrqZLZAs+NxFnbfQoeGd8wDkygjg7U85w=="
    },
    "esbuild": {
      "version": "0.14.23",
      "resolved": "https://registry.npmjs.org/esbuild/-/esbuild-0.14.23.tgz",
      "integrity": "sha512-XjnIcZ9KB6lfonCa+jRguXyRYcldmkyZ99ieDksqW/C8bnyEX299yA4QH2XcgijCgaddEZePPTgvx/2imsq7Ig==",
      "dev": true,
      "requires": {
        "esbuild-android-arm64": "0.14.23",
        "esbuild-darwin-64": "0.14.23",
        "esbuild-darwin-arm64": "0.14.23",
        "esbuild-freebsd-64": "0.14.23",
        "esbuild-freebsd-arm64": "0.14.23",
        "esbuild-linux-32": "0.14.23",
        "esbuild-linux-64": "0.14.23",
        "esbuild-linux-arm": "0.14.23",
        "esbuild-linux-arm64": "0.14.23",
        "esbuild-linux-mips64le": "0.14.23",
        "esbuild-linux-ppc64le": "0.14.23",
        "esbuild-linux-riscv64": "0.14.23",
        "esbuild-linux-s390x": "0.14.23",
        "esbuild-netbsd-64": "0.14.23",
        "esbuild-openbsd-64": "0.14.23",
        "esbuild-sunos-64": "0.14.23",
        "esbuild-windows-32": "0.14.23",
        "esbuild-windows-64": "0.14.23",
        "esbuild-windows-arm64": "0.14.23"
      }
    },
    "esbuild-android-arm64": {
      "version": "0.14.23",
      "resolved": "https://registry.npmjs.org/esbuild-android-arm64/-/esbuild-android-arm64-0.14.23.tgz",
      "integrity": "sha512-k9sXem++mINrZty1v4FVt6nC5BQCFG4K2geCIUUqHNlTdFnuvcqsY7prcKZLFhqVC1rbcJAr9VSUGFL/vD4vsw==",
      "dev": true,
      "optional": true
    },
    "esbuild-darwin-64": {
      "version": "0.14.23",
      "resolved": "https://registry.npmjs.org/esbuild-darwin-64/-/esbuild-darwin-64-0.14.23.tgz",
      "integrity": "sha512-lB0XRbtOYYL1tLcYw8BoBaYsFYiR48RPrA0KfA/7RFTr4MV7Bwy/J4+7nLsVnv9FGuQummM3uJ93J3ptaTqFug==",
      "dev": true,
      "optional": true
    },
    "esbuild-darwin-arm64": {
      "version": "0.14.23",
      "resolved": "https://registry.npmjs.org/esbuild-darwin-arm64/-/esbuild-darwin-arm64-0.14.23.tgz",
      "integrity": "sha512-yat73Z/uJ5tRcfRiI4CCTv0FSnwErm3BJQeZAh+1tIP0TUNh6o+mXg338Zl5EKChD+YGp6PN+Dbhs7qa34RxSw==",
      "dev": true,
      "optional": true
    },
    "esbuild-freebsd-64": {
      "version": "0.14.23",
      "resolved": "https://registry.npmjs.org/esbuild-freebsd-64/-/esbuild-freebsd-64-0.14.23.tgz",
      "integrity": "sha512-/1xiTjoLuQ+LlbfjJdKkX45qK/M7ARrbLmyf7x3JhyQGMjcxRYVR6Dw81uH3qlMHwT4cfLW4aEVBhP1aNV7VsA==",
      "dev": true,
      "optional": true
    },
    "esbuild-freebsd-arm64": {
      "version": "0.14.23",
      "resolved": "https://registry.npmjs.org/esbuild-freebsd-arm64/-/esbuild-freebsd-arm64-0.14.23.tgz",
      "integrity": "sha512-uyPqBU/Zcp6yEAZS4LKj5jEE0q2s4HmlMBIPzbW6cTunZ8cyvjG6YWpIZXb1KK3KTJDe62ltCrk3VzmWHp+iLg==",
      "dev": true,
      "optional": true
    },
    "esbuild-linux-32": {
      "version": "0.14.23",
      "resolved": "https://registry.npmjs.org/esbuild-linux-32/-/esbuild-linux-32-0.14.23.tgz",
      "integrity": "sha512-37R/WMkQyUfNhbH7aJrr1uCjDVdnPeTHGeDhZPUNhfoHV0lQuZNCKuNnDvlH/u/nwIYZNdVvz1Igv5rY/zfrzQ==",
      "dev": true,
      "optional": true
    },
    "esbuild-linux-64": {
      "version": "0.14.23",
      "resolved": "https://registry.npmjs.org/esbuild-linux-64/-/esbuild-linux-64-0.14.23.tgz",
      "integrity": "sha512-H0gztDP60qqr8zoFhAO64waoN5yBXkmYCElFklpd6LPoobtNGNnDe99xOQm28+fuD75YJ7GKHzp/MLCLhw2+vQ==",
      "dev": true,
      "optional": true
    },
    "esbuild-linux-arm": {
      "version": "0.14.23",
      "resolved": "https://registry.npmjs.org/esbuild-linux-arm/-/esbuild-linux-arm-0.14.23.tgz",
      "integrity": "sha512-x64CEUxi8+EzOAIpCUeuni0bZfzPw/65r8tC5cy5zOq9dY7ysOi5EVQHnzaxS+1NmV+/RVRpmrzGw1QgY2Xpmw==",
      "dev": true,
      "optional": true
    },
    "esbuild-linux-arm64": {
      "version": "0.14.23",
      "resolved": "https://registry.npmjs.org/esbuild-linux-arm64/-/esbuild-linux-arm64-0.14.23.tgz",
      "integrity": "sha512-c4MLOIByNHR55n3KoYf9hYDfBRghMjOiHLaoYLhkQkIabb452RWi+HsNgB41sUpSlOAqfpqKPFNg7VrxL3UX9g==",
      "dev": true,
      "optional": true
    },
    "esbuild-linux-mips64le": {
      "version": "0.14.23",
      "resolved": "https://registry.npmjs.org/esbuild-linux-mips64le/-/esbuild-linux-mips64le-0.14.23.tgz",
      "integrity": "sha512-kHKyKRIAedYhKug2EJpyJxOUj3VYuamOVA1pY7EimoFPzaF3NeY7e4cFBAISC/Av0/tiV0xlFCt9q0HJ68IBIw==",
      "dev": true,
      "optional": true
    },
    "esbuild-linux-ppc64le": {
      "version": "0.14.23",
      "resolved": "https://registry.npmjs.org/esbuild-linux-ppc64le/-/esbuild-linux-ppc64le-0.14.23.tgz",
      "integrity": "sha512-7ilAiJEPuJJnJp/LiDO0oJm5ygbBPzhchJJh9HsHZzeqO+3PUzItXi+8PuicY08r0AaaOe25LA7sGJ0MzbfBag==",
      "dev": true,
      "optional": true
    },
    "esbuild-linux-riscv64": {
      "version": "0.14.23",
      "resolved": "https://registry.npmjs.org/esbuild-linux-riscv64/-/esbuild-linux-riscv64-0.14.23.tgz",
      "integrity": "sha512-fbL3ggK2wY0D8I5raPIMPhpCvODFE+Bhb5QGtNP3r5aUsRR6TQV+ZBXIaw84iyvKC8vlXiA4fWLGhghAd/h/Zg==",
      "dev": true,
      "optional": true
    },
    "esbuild-linux-s390x": {
      "version": "0.14.23",
      "resolved": "https://registry.npmjs.org/esbuild-linux-s390x/-/esbuild-linux-s390x-0.14.23.tgz",
      "integrity": "sha512-GHMDCyfy7+FaNSO8RJ8KCFsnax8fLUsOrj9q5Gi2JmZMY0Zhp75keb5abTFCq2/Oy6KVcT0Dcbyo/bFb4rIFJA==",
      "dev": true,
      "optional": true
    },
    "esbuild-netbsd-64": {
      "version": "0.14.23",
      "resolved": "https://registry.npmjs.org/esbuild-netbsd-64/-/esbuild-netbsd-64-0.14.23.tgz",
      "integrity": "sha512-ovk2EX+3rrO1M2lowJfgMb/JPN1VwVYrx0QPUyudxkxLYrWeBxDKQvc6ffO+kB4QlDyTfdtAURrVzu3JeNdA2g==",
      "dev": true,
      "optional": true
    },
    "esbuild-openbsd-64": {
      "version": "0.14.23",
      "resolved": "https://registry.npmjs.org/esbuild-openbsd-64/-/esbuild-openbsd-64-0.14.23.tgz",
      "integrity": "sha512-uYYNqbVR+i7k8ojP/oIROAHO9lATLN7H2QeXKt2H310Fc8FJj4y3Wce6hx0VgnJ4k1JDrgbbiXM8rbEgQyg8KA==",
      "dev": true,
      "optional": true
    },
    "esbuild-sunos-64": {
      "version": "0.14.23",
      "resolved": "https://registry.npmjs.org/esbuild-sunos-64/-/esbuild-sunos-64-0.14.23.tgz",
      "integrity": "sha512-hAzeBeET0+SbScknPzS2LBY6FVDpgE+CsHSpe6CEoR51PApdn2IB0SyJX7vGelXzlyrnorM4CAsRyb9Qev4h9g==",
      "dev": true,
      "optional": true
    },
    "esbuild-windows-32": {
      "version": "0.14.23",
      "resolved": "https://registry.npmjs.org/esbuild-windows-32/-/esbuild-windows-32-0.14.23.tgz",
      "integrity": "sha512-Kttmi3JnohdaREbk6o9e25kieJR379TsEWF0l39PQVHXq3FR6sFKtVPgY8wk055o6IB+rllrzLnbqOw/UV60EA==",
      "dev": true,
      "optional": true
    },
    "esbuild-windows-64": {
      "version": "0.14.23",
      "resolved": "https://registry.npmjs.org/esbuild-windows-64/-/esbuild-windows-64-0.14.23.tgz",
      "integrity": "sha512-JtIT0t8ymkpl6YlmOl6zoSWL5cnCgyLaBdf/SiU/Eg3C13r0NbHZWNT/RDEMKK91Y6t79kTs3vyRcNZbfu5a8g==",
      "dev": true,
      "optional": true
    },
    "esbuild-windows-arm64": {
      "version": "0.14.23",
      "resolved": "https://registry.npmjs.org/esbuild-windows-arm64/-/esbuild-windows-arm64-0.14.23.tgz",
      "integrity": "sha512-cTFaQqT2+ik9e4hePvYtRZQ3pqOvKDVNarzql0VFIzhc0tru/ZgdLoXd6epLiKT+SzoSce6V9YJ+nn6RCn6SHw==",
      "dev": true,
      "optional": true
    },
    "esprima": {
      "version": "4.0.1",
      "resolved": "https://registry.npmjs.org/esprima/-/esprima-4.0.1.tgz",
      "integrity": "sha512-eGuFFw7Upda+g4p+QHvnW0RyTX/SVeJBDM/gCtMARO0cLuT2HcEKnTPvhjV6aGeqrCB/sbNop0Kszm0jsaWU4A=="
    },
    "front-matter": {
      "version": "4.0.2",
      "resolved": "https://registry.npmjs.org/front-matter/-/front-matter-4.0.2.tgz",
      "integrity": "sha512-I8ZuJ/qG92NWX8i5x1Y8qyj3vizhXS31OxjKDu3LKP+7/qBgfIKValiZIEwoVoJKUHlhWtYrktkxV1XsX+pPlg==",
      "requires": {
        "js-yaml": "^3.13.1"
      }
    },
    "fsevents": {
      "version": "2.3.2",
      "resolved": "https://registry.npmjs.org/fsevents/-/fsevents-2.3.2.tgz",
      "integrity": "sha512-xiqMQR4xAeHTuB9uWm+fFRcIOgKBMiOBP+eXiyT7jsgVCq1bkVygt00oASowB7EdtpOHaaPgKt812P9ab+DDKA==",
      "dev": true,
      "optional": true
    },
    "function-bind": {
      "version": "1.1.1",
      "resolved": "https://registry.npmjs.org/function-bind/-/function-bind-1.1.1.tgz",
      "integrity": "sha512-yIovAzMX49sF8Yl58fSCWJ5svSLuaibPxXQJFLmBObTuCr0Mf1KiPopGM9NiFjiYBCbfaa2Fh6breQ6ANVTI0A==",
      "dev": true
    },
    "get-func-name": {
      "version": "2.0.0",
      "resolved": "https://registry.npmjs.org/get-func-name/-/get-func-name-2.0.0.tgz",
      "integrity": "sha1-6td0q+5y4gQJQzoGY2YCPdaIekE=",
      "dev": true
    },
    "has": {
      "version": "1.0.3",
      "resolved": "https://registry.npmjs.org/has/-/has-1.0.3.tgz",
      "integrity": "sha512-f2dvO0VU6Oej7RkWJGrehjbzMAjFp5/VKPp5tTpWIV4JHHZK1/BxbFRtf/siA2SWTe09caDmVtYYzWEIbBS4zw==",
      "dev": true,
      "requires": {
        "function-bind": "^1.1.1"
      }
    },
    "highlight.js": {
      "version": "11.4.0",
      "resolved": "https://registry.npmjs.org/highlight.js/-/highlight.js-11.4.0.tgz",
      "integrity": "sha512-nawlpCBCSASs7EdvZOYOYVkJpGmAOKMYZgZtUqSRqodZE0GRVcFKwo1RcpeOemqh9hyttTdd5wDBwHkuSyUfnA=="
    },
    "highlightjs-calvera-dark": {
      "version": "0.0.1",
      "resolved": "https://registry.npmjs.org/highlightjs-calvera-dark/-/highlightjs-calvera-dark-0.0.1.tgz",
      "integrity": "sha512-f809pdxyFKnuXAp7FkZ3eNutvzAVxVLs4MH+w+raXKdJEA7nJ2Umg9kvOvnLU+X/UA3DK/aGm15I6nbPXib9VQ==",
      "dev": true
    },
    "is-core-module": {
      "version": "2.8.1",
      "resolved": "https://registry.npmjs.org/is-core-module/-/is-core-module-2.8.1.tgz",
      "integrity": "sha512-SdNCUs284hr40hFTFP6l0IfZ/RSrMXF3qgoRHd3/79unUTvrFO/JoXwkGm+5J/Oe3E/b5GsnG330uUNgRpu1PA==",
      "dev": true,
      "requires": {
        "has": "^1.0.3"
      }
    },
    "js-yaml": {
      "version": "3.14.1",
      "resolved": "https://registry.npmjs.org/js-yaml/-/js-yaml-3.14.1.tgz",
      "integrity": "sha512-okMH7OXXJ7YrN9Ok3/SXrnu4iX9yOk+25nqX4imS2npuvTYDmo/QEZoqwZkYaIDk3jVvBOTOIEgEhaLOynBS9g==",
      "requires": {
        "argparse": "^1.0.7",
        "esprima": "^4.0.0"
      },
      "dependencies": {
        "argparse": {
          "version": "1.0.10",
          "resolved": "https://registry.npmjs.org/argparse/-/argparse-1.0.10.tgz",
          "integrity": "sha512-o5Roy6tNG4SL/FOkCAN6RzjiakZS25RLYFrcMttJqbdd8BWrnA+fGz57iN5Pb06pvBGvl5gQ0B48dJlslXvoTg==",
          "requires": {
            "sprintf-js": "~1.0.2"
          }
        }
      }
    },
    "linkify-it": {
      "version": "3.0.3",
      "resolved": "https://registry.npmjs.org/linkify-it/-/linkify-it-3.0.3.tgz",
      "integrity": "sha512-ynTsyrFSdE5oZ/O9GEf00kPngmOfVwazR5GKDq6EYfhlpFug3J2zybX56a2PRRpc9P+FuSoGNAwjlbDs9jJBPQ==",
      "requires": {
        "uc.micro": "^1.0.1"
      }
    },
    "local-pkg": {
      "version": "0.4.1",
      "resolved": "https://registry.npmjs.org/local-pkg/-/local-pkg-0.4.1.tgz",
      "integrity": "sha512-lL87ytIGP2FU5PWwNDo0w3WhIo2gopIAxPg9RxDYF7m4rr5ahuZxP22xnJHIvaLTe4Z9P6uKKY2UHiwyB4pcrw==",
      "dev": true
    },
    "lodash.flow": {
      "version": "3.5.0",
      "resolved": "https://registry.npmjs.org/lodash.flow/-/lodash.flow-3.5.0.tgz",
      "integrity": "sha1-h79AKSuM+D5OjOGjrkIJ4gBxZ1o="
    },
    "loupe": {
      "version": "2.3.4",
      "resolved": "https://registry.npmjs.org/loupe/-/loupe-2.3.4.tgz",
      "integrity": "sha512-OvKfgCC2Ndby6aSTREl5aCCPTNIzlDfQZvZxNUrBrihDhL3xcrYegTblhmEiCrg2kKQz4XsFIaemE5BF4ybSaQ==",
      "dev": true,
      "requires": {
        "get-func-name": "^2.0.0"
      }
    },
    "markdown-it": {
      "version": "12.3.2",
      "resolved": "https://registry.npmjs.org/markdown-it/-/markdown-it-12.3.2.tgz",
      "integrity": "sha512-TchMembfxfNVpHkbtriWltGWc+m3xszaRD0CZup7GFFhzIgQqxIfn3eGj1yZpfuflzPvfkt611B2Q/Bsk1YnGg==",
      "requires": {
        "argparse": "^2.0.1",
        "entities": "~2.1.0",
        "linkify-it": "^3.0.1",
        "mdurl": "^1.0.1",
        "uc.micro": "^1.0.5"
      }
    },
    "markdown-it-highlightjs": {
      "version": "3.6.0",
      "resolved": "https://registry.npmjs.org/markdown-it-highlightjs/-/markdown-it-highlightjs-3.6.0.tgz",
      "integrity": "sha512-ex+Lq3cVkprh0GpGwFyc53A/rqY6GGzopPCG1xMsf8Ya3XtGC8Uw9tChN1rWbpyDae7tBBhVHVcMM29h4Btamw==",
      "requires": {
        "highlight.js": "^11.3.1",
        "lodash.flow": "^3.5.0"
      }
    },
    "mdurl": {
      "version": "1.0.1",
      "resolved": "https://registry.npmjs.org/mdurl/-/mdurl-1.0.1.tgz",
      "integrity": "sha1-/oWy7HWlkDfyrf7BAP1sYBdhFS4="
    },
    "nanoid": {
      "version": "3.3.1",
      "resolved": "https://registry.npmjs.org/nanoid/-/nanoid-3.3.1.tgz",
      "integrity": "sha512-n6Vs/3KGyxPQd6uO0eH4Bv0ojGSUvuLlIHtC3Y0kEO23YRge8H9x1GCzLn28YX0H66pMkxuaeESFq4tKISKwdw==",
      "dev": true
    },
    "path-parse": {
      "version": "1.0.7",
      "resolved": "https://registry.npmjs.org/path-parse/-/path-parse-1.0.7.tgz",
      "integrity": "sha512-LDJzPVEEEPR+y48z93A0Ed0yXb8pAByGWo/k5YYdYgpY2/2EsOsksJrq7lOHxryrVOn1ejG6oAp8ahvOIQD8sw==",
      "dev": true
    },
    "pathval": {
      "version": "1.1.1",
      "resolved": "https://registry.npmjs.org/pathval/-/pathval-1.1.1.tgz",
      "integrity": "sha512-Dp6zGqpTdETdR63lehJYPeIOqpiNBNtc7BpWSLrOje7UaIsE5aY92r/AunQA7rsXvet3lrJ3JnZX29UPTKXyKQ==",
      "dev": true
    },
    "picocolors": {
      "version": "1.0.0",
      "resolved": "https://registry.npmjs.org/picocolors/-/picocolors-1.0.0.tgz",
      "integrity": "sha512-1fygroTLlHu66zi26VoTDv8yRgm0Fccecssto+MhsZ0D/DGW2sm8E8AjW7NU5VVTRt5GxbeZ5qBuJr+HyLYkjQ==",
      "dev": true
    },
    "postcss": {
      "version": "8.4.7",
      "resolved": "https://registry.npmjs.org/postcss/-/postcss-8.4.7.tgz",
      "integrity": "sha512-L9Ye3r6hkkCeOETQX6iOaWZgjp3LL6Lpqm6EtgbKrgqGGteRMNb9vzBfRL96YOSu8o7x3MfIH9Mo5cPJFGrW6A==",
      "dev": true,
      "requires": {
        "nanoid": "^3.3.1",
        "picocolors": "^1.0.0",
        "source-map-js": "^1.0.2"
      }
    },
    "resolve": {
      "version": "1.22.0",
      "resolved": "https://registry.npmjs.org/resolve/-/resolve-1.22.0.tgz",
      "integrity": "sha512-Hhtrw0nLeSrFQ7phPp4OOcVjLPIeMnRlr5mcnVuMe7M/7eBn98A3hmFRLoFo3DLZkivSYwhRUJTyPyWAk56WLw==",
      "dev": true,
      "requires": {
        "is-core-module": "^2.8.1",
        "path-parse": "^1.0.7",
        "supports-preserve-symlinks-flag": "^1.0.0"
      }
    },
    "rollup": {
      "version": "2.68.0",
      "resolved": "https://registry.npmjs.org/rollup/-/rollup-2.68.0.tgz",
      "integrity": "sha512-XrMKOYK7oQcTio4wyTz466mucnd8LzkiZLozZ4Rz0zQD+HeX4nUK4B8GrTX/2EvN2/vBF/i2WnaXboPxo0JylA==",
      "dev": true,
      "requires": {
        "fsevents": "~2.3.2"
      }
    },
    "source-map-js": {
      "version": "1.0.2",
      "resolved": "https://registry.npmjs.org/source-map-js/-/source-map-js-1.0.2.tgz",
      "integrity": "sha512-R0XvVJ9WusLiqTCEiGCmICCMplcCkIwwR11mOSD9CR5u+IXYdiseeEuXCVAjS54zqwkLcPNnmU4OeJ6tUrWhDw==",
      "dev": true
    },
    "sprintf-js": {
      "version": "1.0.3",
      "resolved": "https://registry.npmjs.org/sprintf-js/-/sprintf-js-1.0.3.tgz",
      "integrity": "sha1-BOaSb2YolTVPPdAVIDYzuFcpfiw="
    },
    "supports-preserve-symlinks-flag": {
      "version": "1.0.0",
      "resolved": "https://registry.npmjs.org/supports-preserve-symlinks-flag/-/supports-preserve-symlinks-flag-1.0.0.tgz",
      "integrity": "sha512-ot0WnXS9fgdkgIcePe6RHNk1WA8+muPa6cSjeR3V8K27q9BB1rTE3R1p7Hv0z1ZyAc8s6Vvv8DIyWf681MAt0w==",
      "dev": true
    },
    "tinypool": {
      "version": "0.1.2",
      "resolved": "https://registry.npmjs.org/tinypool/-/tinypool-0.1.2.tgz",
      "integrity": "sha512-fvtYGXoui2RpeMILfkvGIgOVkzJEGediv8UJt7TxdAOY8pnvUkFg/fkvqTfXG9Acc9S17Cnn1S4osDc2164guA==",
      "dev": true
    },
    "tinyspy": {
      "version": "0.3.0",
      "resolved": "https://registry.npmjs.org/tinyspy/-/tinyspy-0.3.0.tgz",
      "integrity": "sha512-c5uFHqtUp74R2DJE3/Efg0mH5xicmgziaQXMm/LvuuZn3RdpADH32aEGDRyCzObXT1DNfwDMqRQ/Drh1MlO12g==",
      "dev": true
    },
    "type-detect": {
      "version": "4.0.8",
      "resolved": "https://registry.npmjs.org/type-detect/-/type-detect-4.0.8.tgz",
      "integrity": "sha512-0fr/mIH1dlO+x7TlcMy+bIDqKPsw/70tVyeHW787goQjhmqaZe10uwLujubK9q9Lg6Fiho1KUKDYz0Z7k7g5/g==",
      "dev": true
    },
    "uc.micro": {
      "version": "1.0.6",
      "resolved": "https://registry.npmjs.org/uc.micro/-/uc.micro-1.0.6.tgz",
      "integrity": "sha512-8Y75pvTYkLJW2hWQHXxoqRgV7qb9B+9vFEtidML+7koHUFapnVJAZ6cKs+Qjz5Aw3aZWHMC6u0wJE3At+nSGwA=="
    },
    "vite": {
      "version": "2.8.4",
      "resolved": "https://registry.npmjs.org/vite/-/vite-2.8.4.tgz",
      "integrity": "sha512-GwtOkkaT2LDI82uWZKcrpRQxP5tymLnC7hVHHqNkhFNknYr0hJUlDLfhVRgngJvAy3RwypkDCWtTKn1BjO96Dw==",
      "dev": true,
      "requires": {
        "esbuild": "^0.14.14",
        "fsevents": "~2.3.2",
        "postcss": "^8.4.6",
        "resolve": "^1.22.0",
        "rollup": "^2.59.0"
      }
    },
    "vitest": {
      "version": "0.5.5",
      "resolved": "https://registry.npmjs.org/vitest/-/vitest-0.5.5.tgz",
      "integrity": "sha512-oBKIXpFOGN7jDdK0MO4uWcB+UOPRyEJveB8XDx74XsFNbjGF7vHmHqwAomNE8MGtDW8hBKvSSbr58hibFiQc5Q==",
      "dev": true,
      "requires": {
        "@types/chai": "^4.3.0",
        "@types/chai-subset": "^1.3.3",
        "chai": "^4.3.6",
        "local-pkg": "^0.4.1",
        "tinypool": "^0.1.2",
        "tinyspy": "^0.3.0",
        "vite": "^2.7.10"
      }
    }
  }
}
